// !$*UTF8*$!
{
	archiveVersion = 1;
	classes = {
	};
	objectVersion = 50;
	objects = {

/* Begin PBXBuildFile section */
		4278E59125F2962D00923866 /* TabBarViewController.swift in Sources */ = {isa = PBXBuildFile; fileRef = 4278E59025F2962D00923866 /* TabBarViewController.swift */; };
		4278E59525F2966500923866 /* SearchViewController.swift in Sources */ = {isa = PBXBuildFile; fileRef = 4278E59425F2966500923866 /* SearchViewController.swift */; };
		4278E59825F296A400923866 /* LibraryViewController.swift in Sources */ = {isa = PBXBuildFile; fileRef = 4278E59725F296A400923866 /* LibraryViewController.swift */; };
		4278E59E25F296F400923866 /* AuthViewController.swift in Sources */ = {isa = PBXBuildFile; fileRef = 4278E59D25F296F400923866 /* AuthViewController.swift */; };
		4278E5A225F2970100923866 /* WelcomeViewController.swift in Sources */ = {isa = PBXBuildFile; fileRef = 4278E5A125F2970100923866 /* WelcomeViewController.swift */; };
		4278E5A525F2972700923866 /* SettingViewController.swift in Sources */ = {isa = PBXBuildFile; fileRef = 4278E5A425F2972700923866 /* SettingViewController.swift */; };
		4278E5A825F2973E00923866 /* ProfileViewController.swift in Sources */ = {isa = PBXBuildFile; fileRef = 4278E5A725F2973E00923866 /* ProfileViewController.swift */; };
		4278E5AB25F2975400923866 /* PlayerViewController.swift in Sources */ = {isa = PBXBuildFile; fileRef = 4278E5AA25F2975400923866 /* PlayerViewController.swift */; };
		4278E5AE25F2976600923866 /* PlaylistViewController.swift in Sources */ = {isa = PBXBuildFile; fileRef = 4278E5AD25F2976600923866 /* PlaylistViewController.swift */; };
		4278E5B125F2977C00923866 /* SearchResultsViewController.swift in Sources */ = {isa = PBXBuildFile; fileRef = 4278E5B025F2977C00923866 /* SearchResultsViewController.swift */; };
		4278E5B525F297DB00923866 /* AuthManager.swift in Sources */ = {isa = PBXBuildFile; fileRef = 4278E5B425F297DB00923866 /* AuthManager.swift */; };
		4278E5B825F297E800923866 /* APICaller.swift in Sources */ = {isa = PBXBuildFile; fileRef = 4278E5B725F297E800923866 /* APICaller.swift */; };
		4278E5BB25F2981A00923866 /* HapticsManager.swift in Sources */ = {isa = PBXBuildFile; fileRef = 4278E5BA25F2981A00923866 /* HapticsManager.swift */; };
		4278E5BE25F2982F00923866 /* Playlist.swift in Sources */ = {isa = PBXBuildFile; fileRef = 4278E5BD25F2982F00923866 /* Playlist.swift */; };
		4278E5C125F2984500923866 /* AudioTrack.swift in Sources */ = {isa = PBXBuildFile; fileRef = 4278E5C025F2984500923866 /* AudioTrack.swift */; };
		4278E5C425F2985700923866 /* UserProfile.swift in Sources */ = {isa = PBXBuildFile; fileRef = 4278E5C325F2985700923866 /* UserProfile.swift */; };
		42BD858C25F2943300D1A9BB /* AppDelegate.swift in Sources */ = {isa = PBXBuildFile; fileRef = 42BD858B25F2943300D1A9BB /* AppDelegate.swift */; };
		42BD858E25F2943300D1A9BB /* SceneDelegate.swift in Sources */ = {isa = PBXBuildFile; fileRef = 42BD858D25F2943300D1A9BB /* SceneDelegate.swift */; };
		42BD859025F2943300D1A9BB /* HomeViewController.swift in Sources */ = {isa = PBXBuildFile; fileRef = 42BD858F25F2943300D1A9BB /* HomeViewController.swift */; };
		42BD859525F2943400D1A9BB /* Assets.xcassets in Resources */ = {isa = PBXBuildFile; fileRef = 42BD859425F2943400D1A9BB /* Assets.xcassets */; };
		42BD859825F2943400D1A9BB /* LaunchScreen.storyboard in Resources */ = {isa = PBXBuildFile; fileRef = 42BD859625F2943400D1A9BB /* LaunchScreen.storyboard */; };
		E72F82E225F35293007BFE31 /* Extensions.swift in Sources */ = {isa = PBXBuildFile; fileRef = E72F82E125F35293007BFE31 /* Extensions.swift */; };
		E72F82E525F39521007BFE31 /* AuthResponse.swift in Sources */ = {isa = PBXBuildFile; fileRef = E72F82E425F39521007BFE31 /* AuthResponse.swift */; };
/* End PBXBuildFile section */

/* Begin PBXFileReference section */
		4278E59025F2962D00923866 /* TabBarViewController.swift */ = {isa = PBXFileReference; lastKnownFileType = sourcecode.swift; path = TabBarViewController.swift; sourceTree = "<group>"; };
		4278E59425F2966500923866 /* SearchViewController.swift */ = {isa = PBXFileReference; lastKnownFileType = sourcecode.swift; path = SearchViewController.swift; sourceTree = "<group>"; };
		4278E59725F296A400923866 /* LibraryViewController.swift */ = {isa = PBXFileReference; lastKnownFileType = sourcecode.swift; path = LibraryViewController.swift; sourceTree = "<group>"; };
		4278E59D25F296F400923866 /* AuthViewController.swift */ = {isa = PBXFileReference; lastKnownFileType = sourcecode.swift; path = AuthViewController.swift; sourceTree = "<group>"; };
		4278E5A125F2970100923866 /* WelcomeViewController.swift */ = {isa = PBXFileReference; lastKnownFileType = sourcecode.swift; path = WelcomeViewController.swift; sourceTree = "<group>"; };
		4278E5A425F2972700923866 /* SettingViewController.swift */ = {isa = PBXFileReference; lastKnownFileType = sourcecode.swift; path = SettingViewController.swift; sourceTree = "<group>"; };
		4278E5A725F2973E00923866 /* ProfileViewController.swift */ = {isa = PBXFileReference; lastKnownFileType = sourcecode.swift; path = ProfileViewController.swift; sourceTree = "<group>"; };
		4278E5AA25F2975400923866 /* PlayerViewController.swift */ = {isa = PBXFileReference; lastKnownFileType = sourcecode.swift; path = PlayerViewController.swift; sourceTree = "<group>"; };
		4278E5AD25F2976600923866 /* PlaylistViewController.swift */ = {isa = PBXFileReference; lastKnownFileType = sourcecode.swift; path = PlaylistViewController.swift; sourceTree = "<group>"; };
		4278E5B025F2977C00923866 /* SearchResultsViewController.swift */ = {isa = PBXFileReference; lastKnownFileType = sourcecode.swift; path = SearchResultsViewController.swift; sourceTree = "<group>"; };
		4278E5B425F297DB00923866 /* AuthManager.swift */ = {isa = PBXFileReference; lastKnownFileType = sourcecode.swift; path = AuthManager.swift; sourceTree = "<group>"; };
		4278E5B725F297E800923866 /* APICaller.swift */ = {isa = PBXFileReference; lastKnownFileType = sourcecode.swift; path = APICaller.swift; sourceTree = "<group>"; };
		4278E5BA25F2981A00923866 /* HapticsManager.swift */ = {isa = PBXFileReference; lastKnownFileType = sourcecode.swift; path = HapticsManager.swift; sourceTree = "<group>"; };
		4278E5BD25F2982F00923866 /* Playlist.swift */ = {isa = PBXFileReference; lastKnownFileType = sourcecode.swift; path = Playlist.swift; sourceTree = "<group>"; };
		4278E5C025F2984500923866 /* AudioTrack.swift */ = {isa = PBXFileReference; lastKnownFileType = sourcecode.swift; path = AudioTrack.swift; sourceTree = "<group>"; };
		4278E5C325F2985700923866 /* UserProfile.swift */ = {isa = PBXFileReference; lastKnownFileType = sourcecode.swift; path = UserProfile.swift; sourceTree = "<group>"; };
		42BD858825F2943300D1A9BB /* LearnSpotify.app */ = {isa = PBXFileReference; explicitFileType = wrapper.application; includeInIndex = 0; path = LearnSpotify.app; sourceTree = BUILT_PRODUCTS_DIR; };
		42BD858B25F2943300D1A9BB /* AppDelegate.swift */ = {isa = PBXFileReference; lastKnownFileType = sourcecode.swift; path = AppDelegate.swift; sourceTree = "<group>"; };
		42BD858D25F2943300D1A9BB /* SceneDelegate.swift */ = {isa = PBXFileReference; lastKnownFileType = sourcecode.swift; path = SceneDelegate.swift; sourceTree = "<group>"; };
		42BD858F25F2943300D1A9BB /* HomeViewController.swift */ = {isa = PBXFileReference; lastKnownFileType = sourcecode.swift; path = HomeViewController.swift; sourceTree = "<group>"; };
		42BD859425F2943400D1A9BB /* Assets.xcassets */ = {isa = PBXFileReference; lastKnownFileType = folder.assetcatalog; path = Assets.xcassets; sourceTree = "<group>"; };
		42BD859725F2943400D1A9BB /* Base */ = {isa = PBXFileReference; lastKnownFileType = file.storyboard; name = Base; path = Base.lproj/LaunchScreen.storyboard; sourceTree = "<group>"; };
		42BD859925F2943400D1A9BB /* Info.plist */ = {isa = PBXFileReference; lastKnownFileType = text.plist.xml; path = Info.plist; sourceTree = "<group>"; };
		E72F82E125F35293007BFE31 /* Extensions.swift */ = {isa = PBXFileReference; lastKnownFileType = sourcecode.swift; path = Extensions.swift; sourceTree = "<group>"; };
		E72F82E425F39521007BFE31 /* AuthResponse.swift */ = {isa = PBXFileReference; lastKnownFileType = sourcecode.swift; path = AuthResponse.swift; sourceTree = "<group>"; };
/* End PBXFileReference section */

/* Begin PBXFrameworksBuildPhase section */
		42BD858525F2943300D1A9BB /* Frameworks */ = {
			isa = PBXFrameworksBuildPhase;
			buildActionMask = 2147483647;
			files = (
			);
			runOnlyForDeploymentPostprocessing = 0;
		};
/* End PBXFrameworksBuildPhase section */

/* Begin PBXGroup section */
		4278E59A25F296C400923866 /* Core */ = {
			isa = PBXGroup;
			children = (
				42BD858F25F2943300D1A9BB /* HomeViewController.swift */,
				4278E59025F2962D00923866 /* TabBarViewController.swift */,
				4278E59425F2966500923866 /* SearchViewController.swift */,
				4278E59725F296A400923866 /* LibraryViewController.swift */,
			);
			path = Core;
			sourceTree = "<group>";
		};
		4278E59C25F296C900923866 /* Other */ = {
			isa = PBXGroup;
			children = (
				4278E59D25F296F400923866 /* AuthViewController.swift */,
				4278E5A125F2970100923866 /* WelcomeViewController.swift */,
				4278E5A425F2972700923866 /* SettingViewController.swift */,
				4278E5A725F2973E00923866 /* ProfileViewController.swift */,
				4278E5AA25F2975400923866 /* PlayerViewController.swift */,
				4278E5AD25F2976600923866 /* PlaylistViewController.swift */,
				4278E5B025F2977C00923866 /* SearchResultsViewController.swift */,
			);
			path = Other;
			sourceTree = "<group>";
		};
		4278E5B325F297CB00923866 /* Managers */ = {
			isa = PBXGroup;
			children = (
				4278E5B425F297DB00923866 /* AuthManager.swift */,
				4278E5B725F297E800923866 /* APICaller.swift */,
				4278E5BA25F2981A00923866 /* HapticsManager.swift */,
			);
			path = Managers;
			sourceTree = "<group>";
		};
		42BD857F25F2943300D1A9BB = {
			isa = PBXGroup;
			children = (
				42BD858A25F2943300D1A9BB /* LearnSpotify */,
				42BD858925F2943300D1A9BB /* Products */,
			);
			sourceTree = "<group>";
		};
		42BD858925F2943300D1A9BB /* Products */ = {
			isa = PBXGroup;
			children = (
				42BD858825F2943300D1A9BB /* LearnSpotify.app */,
			);
			name = Products;
			sourceTree = "<group>";
		};
		42BD858A25F2943300D1A9BB /* LearnSpotify */ = {
			isa = PBXGroup;
			children = (
				4278E5B325F297CB00923866 /* Managers */,
				42BD85A425F2946E00D1A9BB /* Resources */,
				42BD85A325F2946800D1A9BB /* Views */,
				42BD85A225F2946000D1A9BB /* ViewModels */,
				42BD85A125F2945800D1A9BB /* Models */,
				42BD85A025F2944E00D1A9BB /* Controllers */,
				42BD859925F2943400D1A9BB /* Info.plist */,
			);
			path = LearnSpotify;
			sourceTree = "<group>";
		};
		42BD85A025F2944E00D1A9BB /* Controllers */ = {
			isa = PBXGroup;
			children = (
				4278E59C25F296C900923866 /* Other */,
				4278E59A25F296C400923866 /* Core */,
			);
			path = Controllers;
			sourceTree = "<group>";
		};
		42BD85A125F2945800D1A9BB /* Models */ = {
			isa = PBXGroup;
			children = (
				4278E5BD25F2982F00923866 /* Playlist.swift */,
				4278E5C025F2984500923866 /* AudioTrack.swift */,
				4278E5C325F2985700923866 /* UserProfile.swift */,
				E72F82E425F39521007BFE31 /* AuthResponse.swift */,
			);
			path = Models;
			sourceTree = "<group>";
		};
		42BD85A225F2946000D1A9BB /* ViewModels */ = {
			isa = PBXGroup;
			children = (
			);
			path = ViewModels;
			sourceTree = "<group>";
		};
		42BD85A325F2946800D1A9BB /* Views */ = {
			isa = PBXGroup;
			children = (
				42BD859625F2943400D1A9BB /* LaunchScreen.storyboard */,
			);
			path = Views;
			sourceTree = "<group>";
		};
		42BD85A425F2946E00D1A9BB /* Resources */ = {
			isa = PBXGroup;
			children = (
				42BD858B25F2943300D1A9BB /* AppDelegate.swift */,
				42BD858D25F2943300D1A9BB /* SceneDelegate.swift */,
				42BD859425F2943400D1A9BB /* Assets.xcassets */,
				E72F82E125F35293007BFE31 /* Extensions.swift */,
			);
			path = Resources;
			sourceTree = "<group>";
		};
/* End PBXGroup section */

/* Begin PBXNativeTarget section */
		42BD858725F2943300D1A9BB /* LearnSpotify */ = {
			isa = PBXNativeTarget;
			buildConfigurationList = 42BD859C25F2943400D1A9BB /* Build configuration list for PBXNativeTarget "LearnSpotify" */;
			buildPhases = (
				42BD858425F2943300D1A9BB /* Sources */,
				42BD858525F2943300D1A9BB /* Frameworks */,
				42BD858625F2943300D1A9BB /* Resources */,
			);
			buildRules = (
			);
			dependencies = (
			);
			name = LearnSpotify;
			productName = LearnSpotify;
			productReference = 42BD858825F2943300D1A9BB /* LearnSpotify.app */;
			productType = "com.apple.product-type.application";
		};
/* End PBXNativeTarget section */

/* Begin PBXProject section */
		42BD858025F2943300D1A9BB /* Project object */ = {
			isa = PBXProject;
			attributes = {
				LastSwiftUpdateCheck = 1240;
				LastUpgradeCheck = 1240;
				TargetAttributes = {
					42BD858725F2943300D1A9BB = {
						CreatedOnToolsVersion = 12.4;
					};
				};
			};
			buildConfigurationList = 42BD858325F2943300D1A9BB /* Build configuration list for PBXProject "LearnSpotify" */;
			compatibilityVersion = "Xcode 9.3";
			developmentRegion = en;
			hasScannedForEncodings = 0;
			knownRegions = (
				en,
				Base,
			);
			mainGroup = 42BD857F25F2943300D1A9BB;
			productRefGroup = 42BD858925F2943300D1A9BB /* Products */;
			projectDirPath = "";
			projectRoot = "";
			targets = (
				42BD858725F2943300D1A9BB /* LearnSpotify */,
			);
		};
/* End PBXProject section */

/* Begin PBXResourcesBuildPhase section */
		42BD858625F2943300D1A9BB /* Resources */ = {
			isa = PBXResourcesBuildPhase;
			buildActionMask = 2147483647;
			files = (
				42BD859825F2943400D1A9BB /* LaunchScreen.storyboard in Resources */,
				42BD859525F2943400D1A9BB /* Assets.xcassets in Resources */,
			);
			runOnlyForDeploymentPostprocessing = 0;
		};
/* End PBXResourcesBuildPhase section */

/* Begin PBXSourcesBuildPhase section */
		42BD858425F2943300D1A9BB /* Sources */ = {
			isa = PBXSourcesBuildPhase;
			buildActionMask = 2147483647;
			files = (
				4278E59525F2966500923866 /* SearchViewController.swift in Sources */,
				4278E5BE25F2982F00923866 /* Playlist.swift in Sources */,
				4278E5B525F297DB00923866 /* AuthManager.swift in Sources */,
				4278E5B125F2977C00923866 /* SearchResultsViewController.swift in Sources */,
				E72F82E525F39521007BFE31 /* AuthResponse.swift in Sources */,
				4278E5A225F2970100923866 /* WelcomeViewController.swift in Sources */,
				4278E5A825F2973E00923866 /* ProfileViewController.swift in Sources */,
				4278E59125F2962D00923866 /* TabBarViewController.swift in Sources */,
				4278E5BB25F2981A00923866 /* HapticsManager.swift in Sources */,
				4278E5C125F2984500923866 /* AudioTrack.swift in Sources */,
				42BD859025F2943300D1A9BB /* HomeViewController.swift in Sources */,
				4278E59E25F296F400923866 /* AuthViewController.swift in Sources */,
				4278E5A525F2972700923866 /* SettingViewController.swift in Sources */,
				42BD858C25F2943300D1A9BB /* AppDelegate.swift in Sources */,
				4278E5AE25F2976600923866 /* PlaylistViewController.swift in Sources */,
				4278E5C425F2985700923866 /* UserProfile.swift in Sources */,
				E72F82E225F35293007BFE31 /* Extensions.swift in Sources */,
				4278E59825F296A400923866 /* LibraryViewController.swift in Sources */,
				4278E5AB25F2975400923866 /* PlayerViewController.swift in Sources */,
				4278E5B825F297E800923866 /* APICaller.swift in Sources */,
				42BD858E25F2943300D1A9BB /* SceneDelegate.swift in Sources */,
			);
			runOnlyForDeploymentPostprocessing = 0;
		};
/* End PBXSourcesBuildPhase section */

/* Begin PBXVariantGroup section */
		42BD859625F2943400D1A9BB /* LaunchScreen.storyboard */ = {
			isa = PBXVariantGroup;
			children = (
				42BD859725F2943400D1A9BB /* Base */,
			);
			name = LaunchScreen.storyboard;
			sourceTree = "<group>";
		};
/* End PBXVariantGroup section */

/* Begin XCBuildConfiguration section */
		42BD859A25F2943400D1A9BB /* Debug */ = {
			isa = XCBuildConfiguration;
			buildSettings = {
				ALWAYS_SEARCH_USER_PATHS = NO;
				CLANG_ANALYZER_NONNULL = YES;
				CLANG_ANALYZER_NUMBER_OBJECT_CONVERSION = YES_AGGRESSIVE;
				CLANG_CXX_LANGUAGE_STANDARD = "gnu++14";
				CLANG_CXX_LIBRARY = "libc++";
				CLANG_ENABLE_MODULES = YES;
				CLANG_ENABLE_OBJC_ARC = YES;
				CLANG_ENABLE_OBJC_WEAK = YES;
				CLANG_WARN_BLOCK_CAPTURE_AUTORELEASING = YES;
				CLANG_WARN_BOOL_CONVERSION = YES;
				CLANG_WARN_COMMA = YES;
				CLANG_WARN_CONSTANT_CONVERSION = YES;
				CLANG_WARN_DEPRECATED_OBJC_IMPLEMENTATIONS = YES;
				CLANG_WARN_DIRECT_OBJC_ISA_USAGE = YES_ERROR;
				CLANG_WARN_DOCUMENTATION_COMMENTS = YES;
				CLANG_WARN_EMPTY_BODY = YES;
				CLANG_WARN_ENUM_CONVERSION = YES;
				CLANG_WARN_INFINITE_RECURSION = YES;
				CLANG_WARN_INT_CONVERSION = YES;
				CLANG_WARN_NON_LITERAL_NULL_CONVERSION = YES;
				CLANG_WARN_OBJC_IMPLICIT_RETAIN_SELF = YES;
				CLANG_WARN_OBJC_LITERAL_CONVERSION = YES;
				CLANG_WARN_OBJC_ROOT_CLASS = YES_ERROR;
				CLANG_WARN_QUOTED_INCLUDE_IN_FRAMEWORK_HEADER = YES;
				CLANG_WARN_RANGE_LOOP_ANALYSIS = YES;
				CLANG_WARN_STRICT_PROTOTYPES = YES;
				CLANG_WARN_SUSPICIOUS_MOVE = YES;
				CLANG_WARN_UNGUARDED_AVAILABILITY = YES_AGGRESSIVE;
				CLANG_WARN_UNREACHABLE_CODE = YES;
				CLANG_WARN__DUPLICATE_METHOD_MATCH = YES;
				COPY_PHASE_STRIP = NO;
				DEBUG_INFORMATION_FORMAT = dwarf;
				ENABLE_STRICT_OBJC_MSGSEND = YES;
				ENABLE_TESTABILITY = YES;
				GCC_C_LANGUAGE_STANDARD = gnu11;
				GCC_DYNAMIC_NO_PIC = NO;
				GCC_NO_COMMON_BLOCKS = YES;
				GCC_OPTIMIZATION_LEVEL = 0;
				GCC_PREPROCESSOR_DEFINITIONS = (
					"DEBUG=1",
					"$(inherited)",
				);
				GCC_WARN_64_TO_32_BIT_CONVERSION = YES;
				GCC_WARN_ABOUT_RETURN_TYPE = YES_ERROR;
				GCC_WARN_UNDECLARED_SELECTOR = YES;
				GCC_WARN_UNINITIALIZED_AUTOS = YES_AGGRESSIVE;
				GCC_WARN_UNUSED_FUNCTION = YES;
				GCC_WARN_UNUSED_VARIABLE = YES;
				IPHONEOS_DEPLOYMENT_TARGET = 14.4;
				MTL_ENABLE_DEBUG_INFO = INCLUDE_SOURCE;
				MTL_FAST_MATH = YES;
				ONLY_ACTIVE_ARCH = YES;
				SDKROOT = iphoneos;
				SWIFT_ACTIVE_COMPILATION_CONDITIONS = DEBUG;
				SWIFT_OPTIMIZATION_LEVEL = "-Onone";
			};
			name = Debug;
		};
		42BD859B25F2943400D1A9BB /* Release */ = {
			isa = XCBuildConfiguration;
			buildSettings = {
				ALWAYS_SEARCH_USER_PATHS = NO;
				CLANG_ANALYZER_NONNULL = YES;
				CLANG_ANALYZER_NUMBER_OBJECT_CONVERSION = YES_AGGRESSIVE;
				CLANG_CXX_LANGUAGE_STANDARD = "gnu++14";
				CLANG_CXX_LIBRARY = "libc++";
				CLANG_ENABLE_MODULES = YES;
				CLANG_ENABLE_OBJC_ARC = YES;
				CLANG_ENABLE_OBJC_WEAK = YES;
				CLANG_WARN_BLOCK_CAPTURE_AUTORELEASING = YES;
				CLANG_WARN_BOOL_CONVERSION = YES;
				CLANG_WARN_COMMA = YES;
				CLANG_WARN_CONSTANT_CONVERSION = YES;
				CLANG_WARN_DEPRECATED_OBJC_IMPLEMENTATIONS = YES;
				CLANG_WARN_DIRECT_OBJC_ISA_USAGE = YES_ERROR;
				CLANG_WARN_DOCUMENTATION_COMMENTS = YES;
				CLANG_WARN_EMPTY_BODY = YES;
				CLANG_WARN_ENUM_CONVERSION = YES;
				CLANG_WARN_INFINITE_RECURSION = YES;
				CLANG_WARN_INT_CONVERSION = YES;
				CLANG_WARN_NON_LITERAL_NULL_CONVERSION = YES;
				CLANG_WARN_OBJC_IMPLICIT_RETAIN_SELF = YES;
				CLANG_WARN_OBJC_LITERAL_CONVERSION = YES;
				CLANG_WARN_OBJC_ROOT_CLASS = YES_ERROR;
				CLANG_WARN_QUOTED_INCLUDE_IN_FRAMEWORK_HEADER = YES;
				CLANG_WARN_RANGE_LOOP_ANALYSIS = YES;
				CLANG_WARN_STRICT_PROTOTYPES = YES;
				CLANG_WARN_SUSPICIOUS_MOVE = YES;
				CLANG_WARN_UNGUARDED_AVAILABILITY = YES_AGGRESSIVE;
				CLANG_WARN_UNREACHABLE_CODE = YES;
				CLANG_WARN__DUPLICATE_METHOD_MATCH = YES;
				COPY_PHASE_STRIP = NO;
				DEBUG_INFORMATION_FORMAT = "dwarf-with-dsym";
				ENABLE_NS_ASSERTIONS = NO;
				ENABLE_STRICT_OBJC_MSGSEND = YES;
				GCC_C_LANGUAGE_STANDARD = gnu11;
				GCC_NO_COMMON_BLOCKS = YES;
				GCC_WARN_64_TO_32_BIT_CONVERSION = YES;
				GCC_WARN_ABOUT_RETURN_TYPE = YES_ERROR;
				GCC_WARN_UNDECLARED_SELECTOR = YES;
				GCC_WARN_UNINITIALIZED_AUTOS = YES_AGGRESSIVE;
				GCC_WARN_UNUSED_FUNCTION = YES;
				GCC_WARN_UNUSED_VARIABLE = YES;
				IPHONEOS_DEPLOYMENT_TARGET = 14.4;
				MTL_ENABLE_DEBUG_INFO = NO;
				MTL_FAST_MATH = YES;
				SDKROOT = iphoneos;
				SWIFT_COMPILATION_MODE = wholemodule;
				SWIFT_OPTIMIZATION_LEVEL = "-O";
				VALIDATE_PRODUCT = YES;
			};
			name = Release;
		};
		42BD859D25F2943400D1A9BB /* Debug */ = {
			isa = XCBuildConfiguration;
			buildSettings = {
				ASSETCATALOG_COMPILER_APPICON_NAME = AppIcon;
				ASSETCATALOG_COMPILER_GLOBAL_ACCENT_COLOR_NAME = AccentColor;
				CODE_SIGN_STYLE = Automatic;
				INFOPLIST_FILE = LearnSpotify/Info.plist;
				LD_RUNPATH_SEARCH_PATHS = (
					"$(inherited)",
					"@executable_path/Frameworks",
				);
				PRODUCT_BUNDLE_IDENTIFIER = HieuTong.LearnSpotify;
				PRODUCT_NAME = "$(TARGET_NAME)";
				SWIFT_VERSION = 5.0;
				TARGETED_DEVICE_FAMILY = "1,2";
			};
			name = Debug;
		};
		42BD859E25F2943400D1A9BB /* Release */ = {
			isa = XCBuildConfiguration;
			buildSettings = {
				ASSETCATALOG_COMPILER_APPICON_NAME = AppIcon;
				ASSETCATALOG_COMPILER_GLOBAL_ACCENT_COLOR_NAME = AccentColor;
				CODE_SIGN_STYLE = Automatic;
				INFOPLIST_FILE = LearnSpotify/Info.plist;
				LD_RUNPATH_SEARCH_PATHS = (
					"$(inherited)",
					"@executable_path/Frameworks",
				);
				PRODUCT_BUNDLE_IDENTIFIER = HieuTong.LearnSpotify;
				PRODUCT_NAME = "$(TARGET_NAME)";
				SWIFT_VERSION = 5.0;
				TARGETED_DEVICE_FAMILY = "1,2";
			};
			name = Release;
		};
/* End XCBuildConfiguration section */

/* Begin XCConfigurationList section */
		42BD858325F2943300D1A9BB /* Build configuration list for PBXProject "LearnSpotify" */ = {
			isa = XCConfigurationList;
			buildConfigurations = (
				42BD859A25F2943400D1A9BB /* Debug */,
				42BD859B25F2943400D1A9BB /* Release */,
			);
			defaultConfigurationIsVisible = 0;
			defaultConfigurationName = Release;
		};
		42BD859C25F2943400D1A9BB /* Build configuration list for PBXNativeTarget "LearnSpotify" */ = {
			isa = XCConfigurationList;
			buildConfigurations = (
				42BD859D25F2943400D1A9BB /* Debug */,
				42BD859E25F2943400D1A9BB /* Release */,
			);
			defaultConfigurationIsVisible = 0;
			defaultConfigurationName = Release;
		};
/* End XCConfigurationList section */
	};
	rootObject = 42BD858025F2943300D1A9BB /* Project object */;
}
